<Solution>
  <Folder Name="/src/">
    <Project Path="src/TodoList.Application/TodoList.Application.csproj" />
    <Project Path="src/TodoList.Domain/TodoList.Domain.csproj" />
    <Project Path="src/TodoList.Infrastructure/TodoList.Infrastructure.csproj" />
    <Project Path="src/TodoList.WebAPI/TodoList.WebAPI.csproj" />
  </Folder>
</Solution>
